
Microsoft Visual Studio Solution File, Format Version 12.00
# Visual Studio Version 17
VisualStudioVersion = 17.5.33516.290
MinimumVisualStudioVersion = 10.0.40219.1
Project("{FAE04EC0-301F-11D3-BF4B-00C04F79EFBC}") = "WebApi", "WebApi\WebApi.csproj", "{E729D5E4-7720-494C-B3C6-2A47BD562B28}"
EndProject
Global
	GlobalSection(SolutionConfigurationPlatforms) = preSolution
		Debug|Any CPU = Debug|Any CPU
		Release|Any CPU = Release|Any CPU
	EndGlobalSection
	GlobalSection(ProjectConfigurationPlatforms) = postSolution
		{E729D5E4-7720-494C-B3C6-2A47BD562B28}.Debug|Any CPU.ActiveCfg = Debug|Any CPU
		{E729D5E4-7720-494C-B3C6-2A47BD562B28}.Debug|Any CPU.Build.0 = Debug|Any CPU
		{E729D5E4-7720-494C-B3C6-2A47BD562B28}.Release|Any CPU.ActiveCfg = Release|Any CPU
		{E729D5E4-7720-494C-B3C6-2A47BD562B28}.Release|Any CPU.Build.0 = Release|Any CPU
	EndGlobalSection
	GlobalSection(SolutionProperties) = preSolution
		HideSolutionNode = FALSE
	EndGlobalSection
	GlobalSection(ExtensibilityGlobals) = postSolution
		SolutionGuid = {C48DBF01-48DA-4743-AB1F-2E95C489B16A}
	EndGlobalSection
EndGlobal
